// !$*UTF8*$!
{
	archiveVersion = 1;
	classes = {
	};
	objectVersion = 77;
	objects = {

/* Begin PBXBuildFile section */
		5510A4C32D7CED9E00C7971E /* MultiSelectStringDropdownView.swift in Sources */ = {isa = PBXBuildFile; fileRef = 5510A4C22D7CED9C00C7971E /* MultiSelectStringDropdownView.swift */; };
		5510A4DF2D82567C00C7971E /* BackButton.swift in Sources */ = {isa = PBXBuildFile; fileRef = 5510A4DE2D82567A00C7971E /* BackButton.swift */; };
		552F259E2D987F3E00BF1234 /* CategoryCard.swift in Sources */ = {isa = PBXBuildFile; fileRef = 552F259D2D987F3600BF1234 /* CategoryCard.swift */; };
		552F25A02D98879600BF1234 /* SubcategoriesListView.swift in Sources */ = {isa = PBXBuildFile; fileRef = 552F259F2D98878C00BF1234 /* SubcategoriesListView.swift */; };
		552F25A22D9887D100BF1234 /* ServicesListView.swift in Sources */ = {isa = PBXBuildFile; fileRef = 552F25A12D9887C700BF1234 /* ServicesListView.swift */; };
		552F25A42D98886600BF1234 /* ServiceDetailedCard.swift in Sources */ = {isa = PBXBuildFile; fileRef = 552F25A32D98885A00BF1234 /* ServiceDetailedCard.swift */; };
		552F25A62D98888400BF1234 /* SubcategoryRow.swift in Sources */ = {isa = PBXBuildFile; fileRef = 552F25A52D98888100BF1234 /* SubcategoryRow.swift */; };
		552F25A82D9888C400BF1234 /* SubcategoriesViewModel.swift in Sources */ = {isa = PBXBuildFile; fileRef = 552F25A72D9888B800BF1234 /* SubcategoriesViewModel.swift */; };
		552F25AA2D9888D900BF1234 /* ServicesViewModel.swift in Sources */ = {isa = PBXBuildFile; fileRef = 552F25A92D9888D500BF1234 /* ServicesViewModel.swift */; };
		552F25B32D98993200BF1234 /* AuthenticatedUser.swift in Sources */ = {isa = PBXBuildFile; fileRef = 552F25B22D98992F00BF1234 /* AuthenticatedUser.swift */; };
		55385E9B2D40857100CA96D6 /* MultiSelectDropdownView.swift in Sources */ = {isa = PBXBuildFile; fileRef = 55385E9A2D40856A00CA96D6 /* MultiSelectDropdownView.swift */; };
		5548714B2D9F4EFC00AB1811 /* UserSessionManager.swift in Sources */ = {isa = PBXBuildFile; fileRef = 5548714A2D9F4EFC00AB1811 /* UserSessionManager.swift */; };
		554871522D9F546700AB1811 /* BookingView.swift in Sources */ = {isa = PBXBuildFile; fileRef = 554871512D9F546300AB1811 /* BookingView.swift */; };
		554871562D9F54A000AB1811 /* CalendarView.swift in Sources */ = {isa = PBXBuildFile; fileRef = 554871552D9F549E00AB1811 /* CalendarView.swift */; };
		554871582D9F54AC00AB1811 /* InboxView.swift in Sources */ = {isa = PBXBuildFile; fileRef = 554871572D9F54AA00AB1811 /* InboxView.swift */; };
		554C737D2D9CBE9700145987 /* KeychainManager.swift in Sources */ = {isa = PBXBuildFile; fileRef = 554C737C2D9CBE9700145987 /* KeychainManager.swift */; };
		554C73822D9CC07500145987 /* RefreshTokenRequest.swift in Sources */ = {isa = PBXBuildFile; fileRef = 554C73812D9CC07500145987 /* RefreshTokenRequest.swift */; };
		554C73852D9CC0F800145987 /* APIRequest.swift in Sources */ = {isa = PBXBuildFile; fileRef = 554C73842D9CC0F800145987 /* APIRequest.swift */; };
		556C875E2D56A110005C824E /* ObjectOptionSelectionView.swift in Sources */ = {isa = PBXBuildFile; fileRef = 556C875D2D56A109005C824E /* ObjectOptionSelectionView.swift */; };
		5574B7472D3DC7E700DF60ED /* ServicesService.swift in Sources */ = {isa = PBXBuildFile; fileRef = 5574B7462D3DC7E700DF60ED /* ServicesService.swift */; };
		5574B7572D3DC8B800DF60ED /* LoginRequest.swift in Sources */ = {isa = PBXBuildFile; fileRef = 5574B7562D3DC8B800DF60ED /* LoginRequest.swift */; };
		5574B7592D3DC8C600DF60ED /* RegisterRequest.swift in Sources */ = {isa = PBXBuildFile; fileRef = 5574B7582D3DC8C600DF60ED /* RegisterRequest.swift */; };
		5574B75D2D3DC8EA00DF60ED /* AuthResponse.swift in Sources */ = {isa = PBXBuildFile; fileRef = 5574B75C2D3DC8EA00DF60ED /* AuthResponse.swift */; };
		5574B75F2D3DC8F200DF60ED /* RegisterResponse.swift in Sources */ = {isa = PBXBuildFile; fileRef = 5574B75E2D3DC8F200DF60ED /* RegisterResponse.swift */; };
		5574B7612D3DC8FB00DF60ED /* AuthService.swift in Sources */ = {isa = PBXBuildFile; fileRef = 5574B7602D3DC8FB00DF60ED /* AuthService.swift */; };
		5574B7632D3DC90600DF60ED /* AuthServiceProtocol.swift in Sources */ = {isa = PBXBuildFile; fileRef = 5574B7622D3DC90600DF60ED /* AuthServiceProtocol.swift */; };
		5574B7652D3DC91500DF60ED /* APIClient.swift in Sources */ = {isa = PBXBuildFile; fileRef = 5574B7642D3DC90F00DF60ED /* APIClient.swift */; };
		5574B7672D3DC92100DF60ED /* Endpoint.swift in Sources */ = {isa = PBXBuildFile; fileRef = 5574B7662D3DC91C00DF60ED /* Endpoint.swift */; };
		5574B7692D3DC92800DF60ED /* HTTPMethod.swift in Sources */ = {isa = PBXBuildFile; fileRef = 5574B7682D3DC92400DF60ED /* HTTPMethod.swift */; };
		5574B76B2D3DC93900DF60ED /* NetworkError.swift in Sources */ = {isa = PBXBuildFile; fileRef = 5574B76A2D3DC93600DF60ED /* NetworkError.swift */; };
		558F7CB12DAAAFE400F9125F /* ServiceProfileRequestDTO.swift in Sources */ = {isa = PBXBuildFile; fileRef = 558F7CB02DAAAFE400F9125F /* ServiceProfileRequestDTO.swift */; };
		558F7CB32DAAB70600F9125F /* ServiceProfileResponseDTO.swift in Sources */ = {isa = PBXBuildFile; fileRef = 558F7CB22DAAB70000F9125F /* ServiceProfileResponseDTO.swift */; };
		558F7CB62DAAB7EF00F9125F /* BecomeServiceProviderViewModel.swift in Sources */ = {isa = PBXBuildFile; fileRef = 558F7CB52DAAB7EF00F9125F /* BecomeServiceProviderViewModel.swift */; };
		559D3CDF2DA18AC700E3862F /* AppState.swift in Sources */ = {isa = PBXBuildFile; fileRef = 559D3CDE2DA18AC700E3862F /* AppState.swift */; };
		559D3CE12DA18B4100E3862F /* MainTabView.swift in Sources */ = {isa = PBXBuildFile; fileRef = 559D3CE02DA18B4100E3862F /* MainTabView.swift */; };
		559D3CE32DA18B4C00E3862F /* UnauthenticatedFlowView.swift in Sources */ = {isa = PBXBuildFile; fileRef = 559D3CE22DA18B4C00E3862F /* UnauthenticatedFlowView.swift */; };
		559D3CE52DA18B7D00E3862F /* MainBottomNavBar.swift in Sources */ = {isa = PBXBuildFile; fileRef = 559D3CE42DA18B7D00E3862F /* MainBottomNavBar.swift */; };
		55CF6E282DA333080045E240 /* ProfileViewModel.swift in Sources */ = {isa = PBXBuildFile; fileRef = 55CF6E272DA333070045E240 /* ProfileViewModel.swift */; };
		55CF6E2D2DA337230045E240 /* SupportView.swift in Sources */ = {isa = PBXBuildFile; fileRef = 55CF6E2C2DA337230045E240 /* SupportView.swift */; };
		55CF6E2F2DA338BA0045E240 /* SettingsView.swift in Sources */ = {isa = PBXBuildFile; fileRef = 55CF6E2E2DA338BA0045E240 /* SettingsView.swift */; };
		55CF6E332DA344F90045E240 /* PhotosPicker.swift in Sources */ = {isa = PBXBuildFile; fileRef = 55CF6E322DA344F80045E240 /* PhotosPicker.swift */; };
		55CF6E382DA346930045E240 /* UserService.swift in Sources */ = {isa = PBXBuildFile; fileRef = 55CF6E372DA346900045E240 /* UserService.swift */; };
		55CF6E3B2DA348C50045E240 /* UserResponse.swift in Sources */ = {isa = PBXBuildFile; fileRef = 55CF6E3A2DA348C50045E240 /* UserResponse.swift */; };
		55D3D32E2DA7E98B00799594 /* MoreView.swift in Sources */ = {isa = PBXBuildFile; fileRef = 55D3D32D2DA7E98500799594 /* MoreView.swift */; };
		55D3D3312DA7E99900799594 /* MoreViewModel.swift in Sources */ = {isa = PBXBuildFile; fileRef = 55D3D3302DA7E99500799594 /* MoreViewModel.swift */; };
		55D3D3342DA7EA1100799594 /* BecomeServiceProviderView.swift in Sources */ = {isa = PBXBuildFile; fileRef = 55D3D3332DA7EA1100799594 /* BecomeServiceProviderView.swift */; };
		55D3D3372DA7EA2600799594 /* ManageServicesView.swift in Sources */ = {isa = PBXBuildFile; fileRef = 55D3D3362DA7EA2600799594 /* ManageServicesView.swift */; };
		55D3D3392DA7F4B700799594 /* ProfileView.swift in Sources */ = {isa = PBXBuildFile; fileRef = 55D3D3382DA7F4B700799594 /* ProfileView.swift */; };
		55D3D33B2DA7F4D500799594 /* ProfileEditView.swift in Sources */ = {isa = PBXBuildFile; fileRef = 55D3D33A2DA7F4D500799594 /* ProfileEditView.swift */; };
		55D3D33D2DA7F4E800799594 /* ProfilePhotoEditView.swift in Sources */ = {isa = PBXBuildFile; fileRef = 55D3D33C2DA7F4E800799594 /* ProfilePhotoEditView.swift */; };
		55D3D33F2DA7F51000799594 /* ProfileEditViewModel.swift in Sources */ = {isa = PBXBuildFile; fileRef = 55D3D33E2DA7F51000799594 /* ProfileEditViewModel.swift */; };
		55D3D3412DA7F58400799594 /* ProfilePhotoView.swift in Sources */ = {isa = PBXBuildFile; fileRef = 55D3D3402DA7F58400799594 /* ProfilePhotoView.swift */; };
		55D3D3432DA8023E00799594 /* ProfilePhotoEditViewModel.swift in Sources */ = {isa = PBXBuildFile; fileRef = 55D3D3422DA8023E00799594 /* ProfilePhotoEditViewModel.swift */; };
		55D3D3462DA84D4F00799594 /* UserRequests.swift in Sources */ = {isa = PBXBuildFile; fileRef = 55D3D3452DA84D4D00799594 /* UserRequests.swift */; };
		55FBA2882D35EAE100F86201 /* Preview Assets.xcassets in Resources */ = {isa = PBXBuildFile; fileRef = 55FBA2672D35EAE100F86201 /* Preview Assets.xcassets */; };
		55FBA2892D35EAE100F86201 /* Assets.xcassets in Resources */ = {isa = PBXBuildFile; fileRef = 55FBA2862D35EAE100F86201 /* Assets.xcassets */; };
		55FBA28A2D35EAE100F86201 /* ServiceArea.swift in Sources */ = {isa = PBXBuildFile; fileRef = 55FBA25A2D35EAE100F86201 /* ServiceArea.swift */; };
		55FBA28D2D35EAE100F86201 /* SplashView.swift in Sources */ = {isa = PBXBuildFile; fileRef = 55FBA2792D35EAE100F86201 /* SplashView.swift */; };
		55FBA28F2D35EAE100F86201 /* RegisterView.swift in Sources */ = {isa = PBXBuildFile; fileRef = 55FBA27B2D35EAE100F86201 /* RegisterView.swift */; };
		55FBA2902D35EAE100F86201 /* ServxTheme.swift in Sources */ = {isa = PBXBuildFile; fileRef = 55FBA2512D35EAE100F86201 /* ServxTheme.swift */; };
		55FBA2912D35EAE100F86201 /* OTPInputView.swift in Sources */ = {isa = PBXBuildFile; fileRef = 55FBA2822D35EAE100F86201 /* OTPInputView.swift */; };
		55FBA2962D35EAE100F86201 /* NavigationManager.swift in Sources */ = {isa = PBXBuildFile; fileRef = 55FBA2432D35EAE100F86201 /* NavigationManager.swift */; };
		55FBA2982D35EAE100F86201 /* SendOTPView.swift in Sources */ = {isa = PBXBuildFile; fileRef = 55FBA2832D35EAE100F86201 /* SendOTPView.swift */; };
		55FBA2992D35EAE100F86201 /* RegisterViewModel.swift in Sources */ = {isa = PBXBuildFile; fileRef = 55FBA26D2D35EAE100F86201 /* RegisterViewModel.swift */; };
		55FBA29A2D35EAE100F86201 /* UserDefaultsManager.swift in Sources */ = {isa = PBXBuildFile; fileRef = 55FBA2462D35EAE100F86201 /* UserDefaultsManager.swift */; };
		55FBA29B2D35EAE100F86201 /* HomeView.swift in Sources */ = {isa = PBXBuildFile; fileRef = 55FBA2712D35EAE100F86201 /* HomeView.swift */; };
		55FBA29E2D35EAE100F86201 /* ServiceButtonView.swift in Sources */ = {isa = PBXBuildFile; fileRef = 55FBA24B2D35EAE100F86201 /* ServiceButtonView.swift */; };
		55FBA29F2D35EAE100F86201 /* ServiceCategory.swift in Sources */ = {isa = PBXBuildFile; fileRef = 55FBA2562D35EAE100F86201 /* ServiceCategory.swift */; };
		55FBA2A02D35EAE100F86201 /* TimerManager.swift in Sources */ = {isa = PBXBuildFile; fileRef = 55FBA2452D35EAE100F86201 /* TimerManager.swift */; };
		55FBA2A42D35EAE100F86201 /* ServxTextView.swift in Sources */ = {isa = PBXBuildFile; fileRef = 55FBA24E2D35EAE100F86201 /* ServxTextView.swift */; };
		55FBA2A62D35EAE100F86201 /* ForgotPasswordView.swift in Sources */ = {isa = PBXBuildFile; fileRef = 55FBA2752D35EAE100F86201 /* ForgotPasswordView.swift */; };
		55FBA2A72D35EAE100F86201 /* HomeViewModel.swift in Sources */ = {isa = PBXBuildFile; fileRef = 55FBA26C2D35EAE100F86201 /* HomeViewModel.swift */; };
		55FBA2A82D35EAE100F86201 /* User.swift in Sources */ = {isa = PBXBuildFile; fileRef = 55FBA25B2D35EAE100F86201 /* User.swift */; };
		55FBA2A92D35EAE100F86201 /* ServxApp.swift in Sources */ = {isa = PBXBuildFile; fileRef = 55FBA2442D35EAE100F86201 /* ServxApp.swift */; };
		55FBA2AB2D35EAE100F86201 /* Address.swift in Sources */ = {isa = PBXBuildFile; fileRef = 55FBA2532D35EAE100F86201 /* Address.swift */; };
		55FBA2AE2D35EAE100F86201 /* LoginViewModel.swift in Sources */ = {isa = PBXBuildFile; fileRef = 55FBA26A2D35EAE100F86201 /* LoginViewModel.swift */; };
		55FBA2AF2D35EAE100F86201 /* OnboardingView.swift in Sources */ = {isa = PBXBuildFile; fileRef = 55FBA2782D35EAE100F86201 /* OnboardingView.swift */; };
		55FBA2B22D35EAE100F86201 /* ServxButtonView.swift in Sources */ = {isa = PBXBuildFile; fileRef = 55FBA24C2D35EAE100F86201 /* ServxButtonView.swift */; };
		55FBA2B32D35EAE100F86201 /* ContentView.swift in Sources */ = {isa = PBXBuildFile; fileRef = 55FBA2422D35EAE100F86201 /* ContentView.swift */; };
		55FBA2B42D35EAE100F86201 /* ServiceAuthView.swift in Sources */ = {isa = PBXBuildFile; fileRef = 55FBA24A2D35EAE100F86201 /* ServiceAuthView.swift */; };
		55FBA2B62D35EAE100F86201 /* ForgotPasswordViewModel.swift in Sources */ = {isa = PBXBuildFile; fileRef = 55FBA2692D35EAE100F86201 /* ForgotPasswordViewModel.swift */; };
		55FBA2B82D35EAE100F86201 /* ServiceProfile.swift in Sources */ = {isa = PBXBuildFile; fileRef = 55FBA2572D35EAE100F86201 /* ServiceProfile.swift */; };
		55FBA2B92D35EAE100F86201 /* OptionSelectionView.swift in Sources */ = {isa = PBXBuildFile; fileRef = 55FBA2492D35EAE100F86201 /* OptionSelectionView.swift */; };
		55FBA2BB2D35EAE100F86201 /* LoginView.swift in Sources */ = {isa = PBXBuildFile; fileRef = 55FBA2762D35EAE100F86201 /* LoginView.swift */; };
		55FBA2BC2D35EAE100F86201 /* ServxInputView.swift in Sources */ = {isa = PBXBuildFile; fileRef = 55FBA24D2D35EAE100F86201 /* ServxInputView.swift */; };
/* End PBXBuildFile section */

/* Begin PBXContainerItemProxy section */
		55FBA2262D35E8CB00F86201 /* PBXContainerItemProxy */ = {
			isa = PBXContainerItemProxy;
			containerPortal = 55FBA20D2D35E8C900F86201 /* Project object */;
			proxyType = 1;
			remoteGlobalIDString = 55FBA2142D35E8C900F86201;
			remoteInfo = Servx;
		};
		55FBA2302D35E8CB00F86201 /* PBXContainerItemProxy */ = {
			isa = PBXContainerItemProxy;
			containerPortal = 55FBA20D2D35E8C900F86201 /* Project object */;
			proxyType = 1;
			remoteGlobalIDString = 55FBA2142D35E8C900F86201;
			remoteInfo = Servx;
		};
/* End PBXContainerItemProxy section */

/* Begin PBXFileReference section */
		5510A4C22D7CED9C00C7971E /* MultiSelectStringDropdownView.swift */ = {isa = PBXFileReference; lastKnownFileType = sourcecode.swift; path = MultiSelectStringDropdownView.swift; sourceTree = "<group>"; };
		5510A4DE2D82567A00C7971E /* BackButton.swift */ = {isa = PBXFileReference; lastKnownFileType = sourcecode.swift; path = BackButton.swift; sourceTree = "<group>"; };
		552F259D2D987F3600BF1234 /* CategoryCard.swift */ = {isa = PBXFileReference; lastKnownFileType = sourcecode.swift; path = CategoryCard.swift; sourceTree = "<group>"; };
		552F259F2D98878C00BF1234 /* SubcategoriesListView.swift */ = {isa = PBXFileReference; lastKnownFileType = sourcecode.swift; path = SubcategoriesListView.swift; sourceTree = "<group>"; };
		552F25A12D9887C700BF1234 /* ServicesListView.swift */ = {isa = PBXFileReference; lastKnownFileType = sourcecode.swift; path = ServicesListView.swift; sourceTree = "<group>"; };
		552F25A32D98885A00BF1234 /* ServiceDetailedCard.swift */ = {isa = PBXFileReference; lastKnownFileType = sourcecode.swift; path = ServiceDetailedCard.swift; sourceTree = "<group>"; };
		552F25A52D98888100BF1234 /* SubcategoryRow.swift */ = {isa = PBXFileReference; lastKnownFileType = sourcecode.swift; path = SubcategoryRow.swift; sourceTree = "<group>"; };
		552F25A72D9888B800BF1234 /* SubcategoriesViewModel.swift */ = {isa = PBXFileReference; lastKnownFileType = sourcecode.swift; path = SubcategoriesViewModel.swift; sourceTree = "<group>"; };
		552F25A92D9888D500BF1234 /* ServicesViewModel.swift */ = {isa = PBXFileReference; lastKnownFileType = sourcecode.swift; path = ServicesViewModel.swift; sourceTree = "<group>"; };
		552F25B22D98992F00BF1234 /* AuthenticatedUser.swift */ = {isa = PBXFileReference; lastKnownFileType = sourcecode.swift; path = AuthenticatedUser.swift; sourceTree = "<group>"; };
		55385E9A2D40856A00CA96D6 /* MultiSelectDropdownView.swift */ = {isa = PBXFileReference; lastKnownFileType = sourcecode.swift; path = MultiSelectDropdownView.swift; sourceTree = "<group>"; };
		5548714A2D9F4EFC00AB1811 /* UserSessionManager.swift */ = {isa = PBXFileReference; lastKnownFileType = sourcecode.swift; path = UserSessionManager.swift; sourceTree = "<group>"; };
		554871512D9F546300AB1811 /* BookingView.swift */ = {isa = PBXFileReference; lastKnownFileType = sourcecode.swift; path = BookingView.swift; sourceTree = "<group>"; };
		554871552D9F549E00AB1811 /* CalendarView.swift */ = {isa = PBXFileReference; lastKnownFileType = sourcecode.swift; path = CalendarView.swift; sourceTree = "<group>"; };
		554871572D9F54AA00AB1811 /* InboxView.swift */ = {isa = PBXFileReference; lastKnownFileType = sourcecode.swift; path = InboxView.swift; sourceTree = "<group>"; };
		554C737C2D9CBE9700145987 /* KeychainManager.swift */ = {isa = PBXFileReference; lastKnownFileType = sourcecode.swift; path = KeychainManager.swift; sourceTree = "<group>"; };
		554C73812D9CC07500145987 /* RefreshTokenRequest.swift */ = {isa = PBXFileReference; lastKnownFileType = sourcecode.swift; path = RefreshTokenRequest.swift; sourceTree = "<group>"; };
		554C73842D9CC0F800145987 /* APIRequest.swift */ = {isa = PBXFileReference; lastKnownFileType = sourcecode.swift; path = APIRequest.swift; sourceTree = "<group>"; };
		556C875D2D56A109005C824E /* ObjectOptionSelectionView.swift */ = {isa = PBXFileReference; lastKnownFileType = sourcecode.swift; path = ObjectOptionSelectionView.swift; sourceTree = "<group>"; };
		5574B7462D3DC7E700DF60ED /* ServicesService.swift */ = {isa = PBXFileReference; lastKnownFileType = sourcecode.swift; path = ServicesService.swift; sourceTree = "<group>"; };
		5574B7562D3DC8B800DF60ED /* LoginRequest.swift */ = {isa = PBXFileReference; lastKnownFileType = sourcecode.swift; path = LoginRequest.swift; sourceTree = "<group>"; };
		5574B7582D3DC8C600DF60ED /* RegisterRequest.swift */ = {isa = PBXFileReference; lastKnownFileType = sourcecode.swift; path = RegisterRequest.swift; sourceTree = "<group>"; };
		5574B75C2D3DC8EA00DF60ED /* AuthResponse.swift */ = {isa = PBXFileReference; lastKnownFileType = sourcecode.swift; path = AuthResponse.swift; sourceTree = "<group>"; };
		5574B75E2D3DC8F200DF60ED /* RegisterResponse.swift */ = {isa = PBXFileReference; lastKnownFileType = sourcecode.swift; path = RegisterResponse.swift; sourceTree = "<group>"; };
		5574B7602D3DC8FB00DF60ED /* AuthService.swift */ = {isa = PBXFileReference; lastKnownFileType = sourcecode.swift; path = AuthService.swift; sourceTree = "<group>"; };
		5574B7622D3DC90600DF60ED /* AuthServiceProtocol.swift */ = {isa = PBXFileReference; lastKnownFileType = sourcecode.swift; path = AuthServiceProtocol.swift; sourceTree = "<group>"; };
		5574B7642D3DC90F00DF60ED /* APIClient.swift */ = {isa = PBXFileReference; lastKnownFileType = sourcecode.swift; path = APIClient.swift; sourceTree = "<group>"; };
		5574B7662D3DC91C00DF60ED /* Endpoint.swift */ = {isa = PBXFileReference; lastKnownFileType = sourcecode.swift; path = Endpoint.swift; sourceTree = "<group>"; };
		5574B7682D3DC92400DF60ED /* HTTPMethod.swift */ = {isa = PBXFileReference; lastKnownFileType = sourcecode.swift; path = HTTPMethod.swift; sourceTree = "<group>"; };
		5574B76A2D3DC93600DF60ED /* NetworkError.swift */ = {isa = PBXFileReference; lastKnownFileType = sourcecode.swift; path = NetworkError.swift; sourceTree = "<group>"; };
		558F7CB02DAAAFE400F9125F /* ServiceProfileRequestDTO.swift */ = {isa = PBXFileReference; lastKnownFileType = sourcecode.swift; path = ServiceProfileRequestDTO.swift; sourceTree = "<group>"; };
		558F7CB22DAAB70000F9125F /* ServiceProfileResponseDTO.swift */ = {isa = PBXFileReference; lastKnownFileType = sourcecode.swift; path = ServiceProfileResponseDTO.swift; sourceTree = "<group>"; };
		558F7CB52DAAB7EF00F9125F /* BecomeServiceProviderViewModel.swift */ = {isa = PBXFileReference; lastKnownFileType = sourcecode.swift; path = BecomeServiceProviderViewModel.swift; sourceTree = "<group>"; };
		559D3CDE2DA18AC700E3862F /* AppState.swift */ = {isa = PBXFileReference; lastKnownFileType = sourcecode.swift; path = AppState.swift; sourceTree = "<group>"; };
		559D3CE02DA18B4100E3862F /* MainTabView.swift */ = {isa = PBXFileReference; lastKnownFileType = sourcecode.swift; path = MainTabView.swift; sourceTree = "<group>"; };
		559D3CE22DA18B4C00E3862F /* UnauthenticatedFlowView.swift */ = {isa = PBXFileReference; lastKnownFileType = sourcecode.swift; path = UnauthenticatedFlowView.swift; sourceTree = "<group>"; };
		559D3CE42DA18B7D00E3862F /* MainBottomNavBar.swift */ = {isa = PBXFileReference; lastKnownFileType = sourcecode.swift; path = MainBottomNavBar.swift; sourceTree = "<group>"; };
		55CF6E272DA333070045E240 /* ProfileViewModel.swift */ = {isa = PBXFileReference; lastKnownFileType = sourcecode.swift; path = ProfileViewModel.swift; sourceTree = "<group>"; };
		55CF6E2C2DA337230045E240 /* SupportView.swift */ = {isa = PBXFileReference; lastKnownFileType = sourcecode.swift; path = SupportView.swift; sourceTree = "<group>"; };
		55CF6E2E2DA338BA0045E240 /* SettingsView.swift */ = {isa = PBXFileReference; lastKnownFileType = sourcecode.swift; path = SettingsView.swift; sourceTree = "<group>"; };
		55CF6E322DA344F80045E240 /* PhotosPicker.swift */ = {isa = PBXFileReference; lastKnownFileType = sourcecode.swift; path = PhotosPicker.swift; sourceTree = "<group>"; };
		55CF6E372DA346900045E240 /* UserService.swift */ = {isa = PBXFileReference; lastKnownFileType = sourcecode.swift; path = UserService.swift; sourceTree = "<group>"; };
		55CF6E3A2DA348C50045E240 /* UserResponse.swift */ = {isa = PBXFileReference; lastKnownFileType = sourcecode.swift; path = UserResponse.swift; sourceTree = "<group>"; };
		55D3D32D2DA7E98500799594 /* MoreView.swift */ = {isa = PBXFileReference; lastKnownFileType = sourcecode.swift; path = MoreView.swift; sourceTree = "<group>"; };
		55D3D3302DA7E99500799594 /* MoreViewModel.swift */ = {isa = PBXFileReference; lastKnownFileType = sourcecode.swift; path = MoreViewModel.swift; sourceTree = "<group>"; };
		55D3D3332DA7EA1100799594 /* BecomeServiceProviderView.swift */ = {isa = PBXFileReference; lastKnownFileType = sourcecode.swift; path = BecomeServiceProviderView.swift; sourceTree = "<group>"; };
		55D3D3362DA7EA2600799594 /* ManageServicesView.swift */ = {isa = PBXFileReference; lastKnownFileType = sourcecode.swift; path = ManageServicesView.swift; sourceTree = "<group>"; };
		55D3D3382DA7F4B700799594 /* ProfileView.swift */ = {isa = PBXFileReference; lastKnownFileType = sourcecode.swift; path = ProfileView.swift; sourceTree = "<group>"; };
		55D3D33A2DA7F4D500799594 /* ProfileEditView.swift */ = {isa = PBXFileReference; lastKnownFileType = sourcecode.swift; path = ProfileEditView.swift; sourceTree = "<group>"; };
		55D3D33C2DA7F4E800799594 /* ProfilePhotoEditView.swift */ = {isa = PBXFileReference; lastKnownFileType = sourcecode.swift; path = ProfilePhotoEditView.swift; sourceTree = "<group>"; };
		55D3D33E2DA7F51000799594 /* ProfileEditViewModel.swift */ = {isa = PBXFileReference; lastKnownFileType = sourcecode.swift; path = ProfileEditViewModel.swift; sourceTree = "<group>"; };
		55D3D3402DA7F58400799594 /* ProfilePhotoView.swift */ = {isa = PBXFileReference; lastKnownFileType = sourcecode.swift; path = ProfilePhotoView.swift; sourceTree = "<group>"; };
		55D3D3422DA8023E00799594 /* ProfilePhotoEditViewModel.swift */ = {isa = PBXFileReference; lastKnownFileType = sourcecode.swift; path = ProfilePhotoEditViewModel.swift; sourceTree = "<group>"; };
		55D3D3452DA84D4D00799594 /* UserRequests.swift */ = {isa = PBXFileReference; lastKnownFileType = sourcecode.swift; path = UserRequests.swift; sourceTree = "<group>"; };
		55D3D3472DA8699D00799594 /* Info.plist */ = {isa = PBXFileReference; lastKnownFileType = text.plist; path = Info.plist; sourceTree = "<group>"; };
		55FBA2152D35E8C900F86201 /* Servx.app */ = {isa = PBXFileReference; explicitFileType = wrapper.application; includeInIndex = 0; path = Servx.app; sourceTree = BUILT_PRODUCTS_DIR; };
		55FBA2252D35E8CB00F86201 /* ServxTests.xctest */ = {isa = PBXFileReference; explicitFileType = wrapper.cfbundle; includeInIndex = 0; path = ServxTests.xctest; sourceTree = BUILT_PRODUCTS_DIR; };
		55FBA22F2D35E8CB00F86201 /* ServxUITests.xctest */ = {isa = PBXFileReference; explicitFileType = wrapper.cfbundle; includeInIndex = 0; path = ServxUITests.xctest; sourceTree = BUILT_PRODUCTS_DIR; };
		55FBA2422D35EAE100F86201 /* ContentView.swift */ = {isa = PBXFileReference; lastKnownFileType = sourcecode.swift; path = ContentView.swift; sourceTree = "<group>"; };
		55FBA2432D35EAE100F86201 /* NavigationManager.swift */ = {isa = PBXFileReference; lastKnownFileType = sourcecode.swift; path = NavigationManager.swift; sourceTree = "<group>"; };
		55FBA2442D35EAE100F86201 /* ServxApp.swift */ = {isa = PBXFileReference; lastKnownFileType = sourcecode.swift; path = ServxApp.swift; sourceTree = "<group>"; };
		55FBA2452D35EAE100F86201 /* TimerManager.swift */ = {isa = PBXFileReference; lastKnownFileType = sourcecode.swift; path = TimerManager.swift; sourceTree = "<group>"; };
		55FBA2462D35EAE100F86201 /* UserDefaultsManager.swift */ = {isa = PBXFileReference; lastKnownFileType = sourcecode.swift; path = UserDefaultsManager.swift; sourceTree = "<group>"; };
		55FBA2492D35EAE100F86201 /* OptionSelectionView.swift */ = {isa = PBXFileReference; lastKnownFileType = sourcecode.swift; path = OptionSelectionView.swift; sourceTree = "<group>"; };
		55FBA24A2D35EAE100F86201 /* ServiceAuthView.swift */ = {isa = PBXFileReference; lastKnownFileType = sourcecode.swift; path = ServiceAuthView.swift; sourceTree = "<group>"; };
		55FBA24B2D35EAE100F86201 /* ServiceButtonView.swift */ = {isa = PBXFileReference; lastKnownFileType = sourcecode.swift; path = ServiceButtonView.swift; sourceTree = "<group>"; };
		55FBA24C2D35EAE100F86201 /* ServxButtonView.swift */ = {isa = PBXFileReference; lastKnownFileType = sourcecode.swift; path = ServxButtonView.swift; sourceTree = "<group>"; };
		55FBA24D2D35EAE100F86201 /* ServxInputView.swift */ = {isa = PBXFileReference; lastKnownFileType = sourcecode.swift; path = ServxInputView.swift; sourceTree = "<group>"; };
		55FBA24E2D35EAE100F86201 /* ServxTextView.swift */ = {isa = PBXFileReference; lastKnownFileType = sourcecode.swift; path = ServxTextView.swift; sourceTree = "<group>"; };
		55FBA2512D35EAE100F86201 /* ServxTheme.swift */ = {isa = PBXFileReference; lastKnownFileType = sourcecode.swift; path = ServxTheme.swift; sourceTree = "<group>"; };
		55FBA2532D35EAE100F86201 /* Address.swift */ = {isa = PBXFileReference; lastKnownFileType = sourcecode.swift; path = Address.swift; sourceTree = "<group>"; };
		55FBA2562D35EAE100F86201 /* ServiceCategory.swift */ = {isa = PBXFileReference; lastKnownFileType = sourcecode.swift; path = ServiceCategory.swift; sourceTree = "<group>"; };
		55FBA2572D35EAE100F86201 /* ServiceProfile.swift */ = {isa = PBXFileReference; lastKnownFileType = sourcecode.swift; path = ServiceProfile.swift; sourceTree = "<group>"; };
		55FBA25A2D35EAE100F86201 /* ServiceArea.swift */ = {isa = PBXFileReference; lastKnownFileType = sourcecode.swift; path = ServiceArea.swift; sourceTree = "<group>"; };
		55FBA25B2D35EAE100F86201 /* User.swift */ = {isa = PBXFileReference; lastKnownFileType = sourcecode.swift; path = User.swift; sourceTree = "<group>"; };
		55FBA2672D35EAE100F86201 /* Preview Assets.xcassets */ = {isa = PBXFileReference; lastKnownFileType = folder.assetcatalog; path = "Preview Assets.xcassets"; sourceTree = "<group>"; };
		55FBA2692D35EAE100F86201 /* ForgotPasswordViewModel.swift */ = {isa = PBXFileReference; lastKnownFileType = sourcecode.swift; path = ForgotPasswordViewModel.swift; sourceTree = "<group>"; };
		55FBA26A2D35EAE100F86201 /* LoginViewModel.swift */ = {isa = PBXFileReference; lastKnownFileType = sourcecode.swift; path = LoginViewModel.swift; sourceTree = "<group>"; };
		55FBA26C2D35EAE100F86201 /* HomeViewModel.swift */ = {isa = PBXFileReference; lastKnownFileType = sourcecode.swift; path = HomeViewModel.swift; sourceTree = "<group>"; };
		55FBA26D2D35EAE100F86201 /* RegisterViewModel.swift */ = {isa = PBXFileReference; lastKnownFileType = sourcecode.swift; path = RegisterViewModel.swift; sourceTree = "<group>"; };
		55FBA2712D35EAE100F86201 /* HomeView.swift */ = {isa = PBXFileReference; lastKnownFileType = sourcecode.swift; path = HomeView.swift; sourceTree = "<group>"; };
		55FBA2752D35EAE100F86201 /* ForgotPasswordView.swift */ = {isa = PBXFileReference; lastKnownFileType = sourcecode.swift; path = ForgotPasswordView.swift; sourceTree = "<group>"; };
		55FBA2762D35EAE100F86201 /* LoginView.swift */ = {isa = PBXFileReference; lastKnownFileType = sourcecode.swift; path = LoginView.swift; sourceTree = "<group>"; };
		55FBA2782D35EAE100F86201 /* OnboardingView.swift */ = {isa = PBXFileReference; lastKnownFileType = sourcecode.swift; path = OnboardingView.swift; sourceTree = "<group>"; };
		55FBA2792D35EAE100F86201 /* SplashView.swift */ = {isa = PBXFileReference; lastKnownFileType = sourcecode.swift; path = SplashView.swift; sourceTree = "<group>"; };
		55FBA27B2D35EAE100F86201 /* RegisterView.swift */ = {isa = PBXFileReference; lastKnownFileType = sourcecode.swift; path = RegisterView.swift; sourceTree = "<group>"; };
		55FBA2822D35EAE100F86201 /* OTPInputView.swift */ = {isa = PBXFileReference; lastKnownFileType = sourcecode.swift; path = OTPInputView.swift; sourceTree = "<group>"; };
		55FBA2832D35EAE100F86201 /* SendOTPView.swift */ = {isa = PBXFileReference; lastKnownFileType = sourcecode.swift; path = SendOTPView.swift; sourceTree = "<group>"; };
		55FBA2862D35EAE100F86201 /* Assets.xcassets */ = {isa = PBXFileReference; lastKnownFileType = folder.assetcatalog; path = Assets.xcassets; sourceTree = "<group>"; };
/* End PBXFileReference section */

/* Begin PBXFrameworksBuildPhase section */
		55FBA2122D35E8C900F86201 /* Frameworks */ = {
			isa = PBXFrameworksBuildPhase;
			buildActionMask = 2147483647;
			files = (
			);
			runOnlyForDeploymentPostprocessing = 0;
		};
		55FBA2222D35E8CB00F86201 /* Frameworks */ = {
			isa = PBXFrameworksBuildPhase;
			buildActionMask = 2147483647;
			files = (
			);
			runOnlyForDeploymentPostprocessing = 0;
		};
		55FBA22C2D35E8CB00F86201 /* Frameworks */ = {
			isa = PBXFrameworksBuildPhase;
			buildActionMask = 2147483647;
			files = (
			);
			runOnlyForDeploymentPostprocessing = 0;
		};
/* End PBXFrameworksBuildPhase section */

/* Begin PBXGroup section */
		552F25AF2D988FAD00BF1234 /* Others */ = {
			isa = PBXGroup;
			children = (
			);
			path = Others;
			sourceTree = "<group>";
		};
		5548714C2D9F53FC00AB1811 /* Booking */ = {
			isa = PBXGroup;
			children = (
				554871512D9F546300AB1811 /* BookingView.swift */,
			);
			path = Booking;
			sourceTree = "<group>";
		};
		5548714D2D9F540200AB1811 /* Calendar */ = {
			isa = PBXGroup;
			children = (
				554871552D9F549E00AB1811 /* CalendarView.swift */,
			);
			path = Calendar;
			sourceTree = "<group>";
		};
		5548714E2D9F540600AB1811 /* Inbox */ = {
			isa = PBXGroup;
			children = (
				554871572D9F54AA00AB1811 /* InboxView.swift */,
			);
			path = Inbox;
			sourceTree = "<group>";
		};
		5574B7252D3DAEAF00DF60ED /* Services */ = {
			isa = PBXGroup;
			children = (
				5574B7432D3DC57B00DF60ED /* Modules */,
				5574B7422D3DC57600DF60ED /* Core */,
			);
			path = Services;
			sourceTree = "<group>";
		};
		5574B7422D3DC57600DF60ED /* Core */ = {
			isa = PBXGroup;
			children = (
				5574B76A2D3DC93600DF60ED /* NetworkError.swift */,
				5574B7682D3DC92400DF60ED /* HTTPMethod.swift */,
				5574B7662D3DC91C00DF60ED /* Endpoint.swift */,
				5574B7642D3DC90F00DF60ED /* APIClient.swift */,
			);
			path = Core;
			sourceTree = "<group>";
		};
		5574B7432D3DC57B00DF60ED /* Modules */ = {
			isa = PBXGroup;
			children = (
				55CF6E362DA345BE0045E240 /* User */,
				5574B7452D3DC7A800DF60ED /* ServiceCategories */,
				5574B7442D3DC79800DF60ED /* Auth */,
			);
			path = Modules;
			sourceTree = "<group>";
		};
		5574B7442D3DC79800DF60ED /* Auth */ = {
			isa = PBXGroup;
			children = (
				554C73842D9CC0F800145987 /* APIRequest.swift */,
				5574B7552D3DC8AA00DF60ED /* RequestModels */,
				5574B7542D3DC89F00DF60ED /* ResponseModels */,
				5574B7602D3DC8FB00DF60ED /* AuthService.swift */,
				5574B7622D3DC90600DF60ED /* AuthServiceProtocol.swift */,
			);
			path = Auth;
			sourceTree = "<group>";
		};
		5574B7452D3DC7A800DF60ED /* ServiceCategories */ = {
			isa = PBXGroup;
			children = (
				558F7CB22DAAB70000F9125F /* ServiceProfileResponseDTO.swift */,
				5574B7462D3DC7E700DF60ED /* ServicesService.swift */,
				558F7CB02DAAAFE400F9125F /* ServiceProfileRequestDTO.swift */,
			);
			path = ServiceCategories;
			sourceTree = "<group>";
		};
		5574B7542D3DC89F00DF60ED /* ResponseModels */ = {
			isa = PBXGroup;
			children = (
				5574B75C2D3DC8EA00DF60ED /* AuthResponse.swift */,
				5574B75E2D3DC8F200DF60ED /* RegisterResponse.swift */,
			);
			path = ResponseModels;
			sourceTree = "<group>";
		};
		5574B7552D3DC8AA00DF60ED /* RequestModels */ = {
			isa = PBXGroup;
			children = (
				554C73812D9CC07500145987 /* RefreshTokenRequest.swift */,
				5574B7562D3DC8B800DF60ED /* LoginRequest.swift */,
				5574B7582D3DC8C600DF60ED /* RegisterRequest.swift */,
			);
			path = RequestModels;
			sourceTree = "<group>";
		};
		5574B76C2D3DC95800DF60ED /* Buttons */ = {
			isa = PBXGroup;
			children = (
				55FBA24B2D35EAE100F86201 /* ServiceButtonView.swift */,
				55FBA24C2D35EAE100F86201 /* ServxButtonView.swift */,
			);
			path = Buttons;
			sourceTree = "<group>";
		};
		5574B76D2D3DC96700DF60ED /* Inputs */ = {
			isa = PBXGroup;
			children = (
				55FBA24D2D35EAE100F86201 /* ServxInputView.swift */,
			);
			path = Inputs;
			sourceTree = "<group>";
		};
		5574B76E2D3DC96D00DF60ED /* TextViews */ = {
			isa = PBXGroup;
			children = (
				55FBA24E2D35EAE100F86201 /* ServxTextView.swift */,
			);
			path = TextViews;
			sourceTree = "<group>";
		};
		5574B76F2D3DC97200DF60ED /* Modals */ = {
			isa = PBXGroup;
			children = (
				5510A4C22D7CED9C00C7971E /* MultiSelectStringDropdownView.swift */,
				556C875D2D56A109005C824E /* ObjectOptionSelectionView.swift */,
				55385E9A2D40856A00CA96D6 /* MultiSelectDropdownView.swift */,
				55FBA2492D35EAE100F86201 /* OptionSelectionView.swift */,
			);
			path = Modals;
			sourceTree = "<group>";
		};
		5574B7702D3DC97900DF60ED /* Lists */ = {
			isa = PBXGroup;
			children = (
			);
			path = Lists;
			sourceTree = "<group>";
		};
		5574B7712D3DC97E00DF60ED /* Loaders */ = {
			isa = PBXGroup;
			children = (
			);
			path = Loaders;
			sourceTree = "<group>";
		};
		5574B7722D3DC9AE00DF60ED /* Others */ = {
			isa = PBXGroup;
			children = (
				55CF6E322DA344F80045E240 /* PhotosPicker.swift */,
				5510A4DE2D82567A00C7971E /* BackButton.swift */,
				55FBA2822D35EAE100F86201 /* OTPInputView.swift */,
				55FBA2832D35EAE100F86201 /* SendOTPView.swift */,
				55FBA24A2D35EAE100F86201 /* ServiceAuthView.swift */,
			);
			path = Others;
			sourceTree = "<group>";
		};
		5574B7732D3DC9CF00DF60ED /* Home */ = {
			isa = PBXGroup;
			children = (
				552F25A92D9888D500BF1234 /* ServicesViewModel.swift */,
				552F25A72D9888B800BF1234 /* SubcategoriesViewModel.swift */,
				55FBA26C2D35EAE100F86201 /* HomeViewModel.swift */,
			);
			path = Home;
			sourceTree = "<group>";
		};
		5574B7742D3DC9DB00DF60ED /* Register */ = {
			isa = PBXGroup;
			children = (
				55FBA26D2D35EAE100F86201 /* RegisterViewModel.swift */,
			);
			path = Register;
			sourceTree = "<group>";
		};
		5574B7752D3DC9E400DF60ED /* Auth */ = {
			isa = PBXGroup;
			children = (
				55FBA26B2D35EAE100F86201 /* Login */,
				5574B7742D3DC9DB00DF60ED /* Register */,
			);
			path = Auth;
			sourceTree = "<group>";
		};
		5574B7762D3DCA4A00DF60ED /* Auth */ = {
			isa = PBXGroup;
			children = (
				55FBA2812D35EAE100F86201 /* Register */,
				55FBA2772D35EAE100F86201 /* Login */,
			);
			path = Auth;
			sourceTree = "<group>";
		};
		558F7CB42DAAB7E000F9125F /* BecomeServiceProviderViewModel */ = {
			isa = PBXGroup;
			children = (
				558F7CB52DAAB7EF00F9125F /* BecomeServiceProviderViewModel.swift */,
			);
			path = BecomeServiceProviderViewModel;
			sourceTree = "<group>";
		};
		55CF6E292DA333330045E240 /* Profile */ = {
			isa = PBXGroup;
			children = (
				55D3D3422DA8023E00799594 /* ProfilePhotoEditViewModel.swift */,
				55D3D33E2DA7F51000799594 /* ProfileEditViewModel.swift */,
				55CF6E272DA333070045E240 /* ProfileViewModel.swift */,
			);
			path = Profile;
			sourceTree = "<group>";
		};
		55CF6E362DA345BE0045E240 /* User */ = {
			isa = PBXGroup;
			children = (
				55D3D3442DA84D4600799594 /* RequestModels */,
				55CF6E392DA348B40045E240 /* ResponseModels */,
				55CF6E372DA346900045E240 /* UserService.swift */,
			);
			path = User;
			sourceTree = "<group>";
		};
		55CF6E392DA348B40045E240 /* ResponseModels */ = {
			isa = PBXGroup;
			children = (
				55CF6E3A2DA348C50045E240 /* UserResponse.swift */,
			);
			path = ResponseModels;
			sourceTree = "<group>";
		};
		55D3D32C2DA7E98100799594 /* More */ = {
			isa = PBXGroup;
			children = (
				55D3D3402DA7F58400799594 /* ProfilePhotoView.swift */,
				55D3D33C2DA7F4E800799594 /* ProfilePhotoEditView.swift */,
				55D3D33A2DA7F4D500799594 /* ProfileEditView.swift */,
				55D3D3382DA7F4B700799594 /* ProfileView.swift */,
				55D3D32D2DA7E98500799594 /* MoreView.swift */,
				55CF6E2E2DA338BA0045E240 /* SettingsView.swift */,
				55CF6E2C2DA337230045E240 /* SupportView.swift */,
			);
			path = More;
			sourceTree = "<group>";
		};
		55D3D32F2DA7E99100799594 /* More */ = {
			isa = PBXGroup;
			children = (
				55D3D3302DA7E99500799594 /* MoreViewModel.swift */,
			);
			path = More;
			sourceTree = "<group>";
		};
		55D3D3322DA7EA0900799594 /* BecomeServiceProvider */ = {
			isa = PBXGroup;
			children = (
				55D3D3332DA7EA1100799594 /* BecomeServiceProviderView.swift */,
			);
			path = BecomeServiceProvider;
			sourceTree = "<group>";
		};
		55D3D3352DA7EA1A00799594 /* ManageServicesView */ = {
			isa = PBXGroup;
			children = (
				55D3D3362DA7EA2600799594 /* ManageServicesView.swift */,
			);
			path = ManageServicesView;
			sourceTree = "<group>";
		};
		55D3D3442DA84D4600799594 /* RequestModels */ = {
			isa = PBXGroup;
			children = (
				55D3D3452DA84D4D00799594 /* UserRequests.swift */,
			);
			path = RequestModels;
			sourceTree = "<group>";
		};
		55FBA20C2D35E8C900F86201 = {
			isa = PBXGroup;
			children = (
				55FBA2872D35EAE100F86201 /* Servx */,
				55FBA2162D35E8C900F86201 /* Products */,
			);
			sourceTree = "<group>";
		};
		55FBA2162D35E8C900F86201 /* Products */ = {
			isa = PBXGroup;
			children = (
				55FBA2152D35E8C900F86201 /* Servx.app */,
				55FBA2252D35E8CB00F86201 /* ServxTests.xctest */,
				55FBA22F2D35E8CB00F86201 /* ServxUITests.xctest */,
			);
			name = Products;
			sourceTree = "<group>";
		};
		55FBA2472D35EAE100F86201 /* App */ = {
			isa = PBXGroup;
			children = (
				559D3CE42DA18B7D00E3862F /* MainBottomNavBar.swift */,
				559D3CE22DA18B4C00E3862F /* UnauthenticatedFlowView.swift */,
				559D3CE02DA18B4100E3862F /* MainTabView.swift */,
				559D3CDE2DA18AC700E3862F /* AppState.swift */,
				5548714A2D9F4EFC00AB1811 /* UserSessionManager.swift */,
				552F25B22D98992F00BF1234 /* AuthenticatedUser.swift */,
				554C737C2D9CBE9700145987 /* KeychainManager.swift */,
				55FBA2422D35EAE100F86201 /* ContentView.swift */,
				55FBA2432D35EAE100F86201 /* NavigationManager.swift */,
				55FBA2442D35EAE100F86201 /* ServxApp.swift */,
				55FBA2452D35EAE100F86201 /* TimerManager.swift */,
				55FBA2462D35EAE100F86201 /* UserDefaultsManager.swift */,
			);
			path = App;
			sourceTree = "<group>";
		};
		55FBA24F2D35EAE100F86201 /* Components */ = {
			isa = PBXGroup;
			children = (
				5574B7722D3DC9AE00DF60ED /* Others */,
				5574B7712D3DC97E00DF60ED /* Loaders */,
				5574B7702D3DC97900DF60ED /* Lists */,
				5574B76F2D3DC97200DF60ED /* Modals */,
				5574B76E2D3DC96D00DF60ED /* TextViews */,
				5574B76D2D3DC96700DF60ED /* Inputs */,
				5574B76C2D3DC95800DF60ED /* Buttons */,
			);
			path = Components;
			sourceTree = "<group>";
		};
		55FBA2522D35EAE100F86201 /* Constants */ = {
			isa = PBXGroup;
			children = (
				55FBA2512D35EAE100F86201 /* ServxTheme.swift */,
			);
			path = Constants;
			sourceTree = "<group>";
		};
		55FBA25C2D35EAE100F86201 /* Models */ = {
			isa = PBXGroup;
			children = (
				55FBA2532D35EAE100F86201 /* Address.swift */,
				55FBA2562D35EAE100F86201 /* ServiceCategory.swift */,
				55FBA2572D35EAE100F86201 /* ServiceProfile.swift */,
				55FBA25A2D35EAE100F86201 /* ServiceArea.swift */,
				55FBA25B2D35EAE100F86201 /* User.swift */,
			);
			path = Models;
			sourceTree = "<group>";
		};
		55FBA2682D35EAE100F86201 /* Preview Content */ = {
			isa = PBXGroup;
			children = (
				55FBA2672D35EAE100F86201 /* Preview Assets.xcassets */,
			);
			path = "Preview Content";
			sourceTree = "<group>";
		};
		55FBA26B2D35EAE100F86201 /* Login */ = {
			isa = PBXGroup;
			children = (
				55FBA26A2D35EAE100F86201 /* LoginViewModel.swift */,
				55FBA2692D35EAE100F86201 /* ForgotPasswordViewModel.swift */,
			);
			path = Login;
			sourceTree = "<group>";
		};
		55FBA2702D35EAE100F86201 /* ViewModels */ = {
			isa = PBXGroup;
			children = (
				558F7CB42DAAB7E000F9125F /* BecomeServiceProviderViewModel */,
				55D3D32F2DA7E99100799594 /* More */,
				55CF6E292DA333330045E240 /* Profile */,
				552F25AF2D988FAD00BF1234 /* Others */,
				5574B7752D3DC9E400DF60ED /* Auth */,
				5574B7732D3DC9CF00DF60ED /* Home */,
			);
			path = ViewModels;
			sourceTree = "<group>";
		};
		55FBA2742D35EAE100F86201 /* Home */ = {
			isa = PBXGroup;
			children = (
				552F25A52D98888100BF1234 /* SubcategoryRow.swift */,
				552F25A32D98885A00BF1234 /* ServiceDetailedCard.swift */,
				552F25A12D9887C700BF1234 /* ServicesListView.swift */,
				552F259F2D98878C00BF1234 /* SubcategoriesListView.swift */,
				55FBA2712D35EAE100F86201 /* HomeView.swift */,
				552F259D2D987F3600BF1234 /* CategoryCard.swift */,
			);
			path = Home;
			sourceTree = "<group>";
		};
		55FBA2772D35EAE100F86201 /* Login */ = {
			isa = PBXGroup;
			children = (
				55FBA2752D35EAE100F86201 /* ForgotPasswordView.swift */,
				55FBA2762D35EAE100F86201 /* LoginView.swift */,
			);
			path = Login;
			sourceTree = "<group>";
		};
		55FBA27A2D35EAE100F86201 /* Onboarding */ = {
			isa = PBXGroup;
			children = (
				55FBA2782D35EAE100F86201 /* OnboardingView.swift */,
				55FBA2792D35EAE100F86201 /* SplashView.swift */,
			);
			path = Onboarding;
			sourceTree = "<group>";
		};
		55FBA2812D35EAE100F86201 /* Register */ = {
			isa = PBXGroup;
			children = (
				55FBA27B2D35EAE100F86201 /* RegisterView.swift */,
			);
			path = Register;
			sourceTree = "<group>";
		};
		55FBA2852D35EAE100F86201 /* Views */ = {
			isa = PBXGroup;
			children = (
				55D3D3352DA7EA1A00799594 /* ManageServicesView */,
				55D3D3322DA7EA0900799594 /* BecomeServiceProvider */,
				55D3D32C2DA7E98100799594 /* More */,
				5548714E2D9F540600AB1811 /* Inbox */,
				5548714D2D9F540200AB1811 /* Calendar */,
				5548714C2D9F53FC00AB1811 /* Booking */,
				5574B7762D3DCA4A00DF60ED /* Auth */,
				55FBA2742D35EAE100F86201 /* Home */,
				55FBA27A2D35EAE100F86201 /* Onboarding */,
			);
			path = Views;
			sourceTree = "<group>";
		};
		55FBA2872D35EAE100F86201 /* Servx */ = {
			isa = PBXGroup;
			children = (
				55D3D3472DA8699D00799594 /* Info.plist */,
				5574B7252D3DAEAF00DF60ED /* Services */,
				55FBA2472D35EAE100F86201 /* App */,
				55FBA24F2D35EAE100F86201 /* Components */,
				55FBA2522D35EAE100F86201 /* Constants */,
				55FBA25C2D35EAE100F86201 /* Models */,
				55FBA2682D35EAE100F86201 /* Preview Content */,
				55FBA2852D35EAE100F86201 /* Views */,
				55FBA2702D35EAE100F86201 /* ViewModels */,
				55FBA2862D35EAE100F86201 /* Assets.xcassets */,
			);
			path = Servx;
			sourceTree = "<group>";
		};
/* End PBXGroup section */

/* Begin PBXNativeTarget section */
		55FBA2142D35E8C900F86201 /* Servx */ = {
			isa = PBXNativeTarget;
			buildConfigurationList = 55FBA2392D35E8CB00F86201 /* Build configuration list for PBXNativeTarget "Servx" */;
			buildPhases = (
				55FBA2112D35E8C900F86201 /* Sources */,
				55FBA2122D35E8C900F86201 /* Frameworks */,
				55FBA2132D35E8C900F86201 /* Resources */,
			);
			buildRules = (
			);
			dependencies = (
			);
			name = Servx;
			packageProductDependencies = (
			);
			productName = Servx;
			productReference = 55FBA2152D35E8C900F86201 /* Servx.app */;
			productType = "com.apple.product-type.application";
		};
		55FBA2242D35E8CB00F86201 /* ServxTests */ = {
			isa = PBXNativeTarget;
			buildConfigurationList = 55FBA23C2D35E8CB00F86201 /* Build configuration list for PBXNativeTarget "ServxTests" */;
			buildPhases = (
				55FBA2212D35E8CB00F86201 /* Sources */,
				55FBA2222D35E8CB00F86201 /* Frameworks */,
				55FBA2232D35E8CB00F86201 /* Resources */,
			);
			buildRules = (
			);
			dependencies = (
				55FBA2272D35E8CB00F86201 /* PBXTargetDependency */,
			);
			name = ServxTests;
			packageProductDependencies = (
			);
			productName = ServxTests;
			productReference = 55FBA2252D35E8CB00F86201 /* ServxTests.xctest */;
			productType = "com.apple.product-type.bundle.unit-test";
		};
		55FBA22E2D35E8CB00F86201 /* ServxUITests */ = {
			isa = PBXNativeTarget;
			buildConfigurationList = 55FBA23F2D35E8CB00F86201 /* Build configuration list for PBXNativeTarget "ServxUITests" */;
			buildPhases = (
				55FBA22B2D35E8CB00F86201 /* Sources */,
				55FBA22C2D35E8CB00F86201 /* Frameworks */,
				55FBA22D2D35E8CB00F86201 /* Resources */,
			);
			buildRules = (
			);
			dependencies = (
				55FBA2312D35E8CB00F86201 /* PBXTargetDependency */,
			);
			name = ServxUITests;
			packageProductDependencies = (
			);
			productName = ServxUITests;
			productReference = 55FBA22F2D35E8CB00F86201 /* ServxUITests.xctest */;
			productType = "com.apple.product-type.bundle.ui-testing";
		};
/* End PBXNativeTarget section */

/* Begin PBXProject section */
		55FBA20D2D35E8C900F86201 /* Project object */ = {
			isa = PBXProject;
			attributes = {
				BuildIndependentTargetsInParallel = 1;
				LastSwiftUpdateCheck = 1620;
				LastUpgradeCheck = 1620;
				TargetAttributes = {
					55FBA2142D35E8C900F86201 = {
						CreatedOnToolsVersion = 16.2;
					};
					55FBA2242D35E8CB00F86201 = {
						CreatedOnToolsVersion = 16.2;
						TestTargetID = 55FBA2142D35E8C900F86201;
					};
					55FBA22E2D35E8CB00F86201 = {
						CreatedOnToolsVersion = 16.2;
						TestTargetID = 55FBA2142D35E8C900F86201;
					};
				};
			};
			buildConfigurationList = 55FBA2102D35E8C900F86201 /* Build configuration list for PBXProject "Servx" */;
			developmentRegion = en;
			hasScannedForEncodings = 0;
			knownRegions = (
				en,
				Base,
			);
			mainGroup = 55FBA20C2D35E8C900F86201;
			minimizedProjectReferenceProxies = 1;
			preferredProjectObjectVersion = 77;
			productRefGroup = 55FBA2162D35E8C900F86201 /* Products */;
			projectDirPath = "";
			projectRoot = "";
			targets = (
				55FBA2142D35E8C900F86201 /* Servx */,
				55FBA2242D35E8CB00F86201 /* ServxTests */,
				55FBA22E2D35E8CB00F86201 /* ServxUITests */,
			);
		};
/* End PBXProject section */

/* Begin PBXResourcesBuildPhase section */
		55FBA2132D35E8C900F86201 /* Resources */ = {
			isa = PBXResourcesBuildPhase;
			buildActionMask = 2147483647;
			files = (
				55FBA2882D35EAE100F86201 /* Preview Assets.xcassets in Resources */,
				55FBA2892D35EAE100F86201 /* Assets.xcassets in Resources */,
			);
			runOnlyForDeploymentPostprocessing = 0;
		};
		55FBA2232D35E8CB00F86201 /* Resources */ = {
			isa = PBXResourcesBuildPhase;
			buildActionMask = 2147483647;
			files = (
			);
			runOnlyForDeploymentPostprocessing = 0;
		};
		55FBA22D2D35E8CB00F86201 /* Resources */ = {
			isa = PBXResourcesBuildPhase;
			buildActionMask = 2147483647;
			files = (
			);
			runOnlyForDeploymentPostprocessing = 0;
		};
/* End PBXResourcesBuildPhase section */

/* Begin PBXSourcesBuildPhase section */
		55FBA2112D35E8C900F86201 /* Sources */ = {
			isa = PBXSourcesBuildPhase;
			buildActionMask = 2147483647;
			files = (
				558F7CB32DAAB70600F9125F /* ServiceProfileResponseDTO.swift in Sources */,
				55FBA28A2D35EAE100F86201 /* ServiceArea.swift in Sources */,
				55FBA28D2D35EAE100F86201 /* SplashView.swift in Sources */,
				55FBA28F2D35EAE100F86201 /* RegisterView.swift in Sources */,
				558F7CB62DAAB7EF00F9125F /* BecomeServiceProviderViewModel.swift in Sources */,
				55FBA2902D35EAE100F86201 /* ServxTheme.swift in Sources */,
				554871582D9F54AC00AB1811 /* InboxView.swift in Sources */,
				55FBA2912D35EAE100F86201 /* OTPInputView.swift in Sources */,
				5574B7612D3DC8FB00DF60ED /* AuthService.swift in Sources */,
				5510A4DF2D82567C00C7971E /* BackButton.swift in Sources */,
				5574B7672D3DC92100DF60ED /* Endpoint.swift in Sources */,
				55CF6E2D2DA337230045E240 /* SupportView.swift in Sources */,
				5574B75D2D3DC8EA00DF60ED /* AuthResponse.swift in Sources */,
				55FBA2962D35EAE100F86201 /* NavigationManager.swift in Sources */,
				55FBA2982D35EAE100F86201 /* SendOTPView.swift in Sources */,
				55FBA2992D35EAE100F86201 /* RegisterViewModel.swift in Sources */,
				554C737D2D9CBE9700145987 /* KeychainManager.swift in Sources */,
				554871522D9F546700AB1811 /* BookingView.swift in Sources */,
				55FBA29A2D35EAE100F86201 /* UserDefaultsManager.swift in Sources */,
				5574B7632D3DC90600DF60ED /* AuthServiceProtocol.swift in Sources */,
				55FBA29B2D35EAE100F86201 /* HomeView.swift in Sources */,
				5510A4C32D7CED9E00C7971E /* MultiSelectStringDropdownView.swift in Sources */,
				55FBA29E2D35EAE100F86201 /* ServiceButtonView.swift in Sources */,
				55FBA29F2D35EAE100F86201 /* ServiceCategory.swift in Sources */,
				55D3D3412DA7F58400799594 /* ProfilePhotoView.swift in Sources */,
				5574B7472D3DC7E700DF60ED /* ServicesService.swift in Sources */,
				552F259E2D987F3E00BF1234 /* CategoryCard.swift in Sources */,
				55D3D3372DA7EA2600799594 /* ManageServicesView.swift in Sources */,
				552F25A62D98888400BF1234 /* SubcategoryRow.swift in Sources */,
				55FBA2A02D35EAE100F86201 /* TimerManager.swift in Sources */,
				5574B76B2D3DC93900DF60ED /* NetworkError.swift in Sources */,
				55CF6E3B2DA348C50045E240 /* UserResponse.swift in Sources */,
				558F7CB12DAAAFE400F9125F /* ServiceProfileRequestDTO.swift in Sources */,
				55FBA2A42D35EAE100F86201 /* ServxTextView.swift in Sources */,
				5574B7592D3DC8C600DF60ED /* RegisterRequest.swift in Sources */,
				559D3CE32DA18B4C00E3862F /* UnauthenticatedFlowView.swift in Sources */,
				55D3D33D2DA7F4E800799594 /* ProfilePhotoEditView.swift in Sources */,
				55D3D3392DA7F4B700799594 /* ProfileView.swift in Sources */,
				552F25B32D98993200BF1234 /* AuthenticatedUser.swift in Sources */,
				55CF6E382DA346930045E240 /* UserService.swift in Sources */,
				55D3D32E2DA7E98B00799594 /* MoreView.swift in Sources */,
				55D3D3432DA8023E00799594 /* ProfilePhotoEditViewModel.swift in Sources */,
				552F25AA2D9888D900BF1234 /* ServicesViewModel.swift in Sources */,
				55FBA2A62D35EAE100F86201 /* ForgotPasswordView.swift in Sources */,
				55D3D3312DA7E99900799594 /* MoreViewModel.swift in Sources */,
				552F25A02D98879600BF1234 /* SubcategoriesListView.swift in Sources */,
				55FBA2A72D35EAE100F86201 /* HomeViewModel.swift in Sources */,
				552F25A22D9887D100BF1234 /* ServicesListView.swift in Sources */,
				55FBA2A82D35EAE100F86201 /* User.swift in Sources */,
				55FBA2A92D35EAE100F86201 /* ServxApp.swift in Sources */,
				559D3CE12DA18B4100E3862F /* MainTabView.swift in Sources */,
				5574B75F2D3DC8F200DF60ED /* RegisterResponse.swift in Sources */,
				55CF6E332DA344F90045E240 /* PhotosPicker.swift in Sources */,
				552F25A42D98886600BF1234 /* ServiceDetailedCard.swift in Sources */,
				552F25A82D9888C400BF1234 /* SubcategoriesViewModel.swift in Sources */,
				55FBA2AB2D35EAE100F86201 /* Address.swift in Sources */,
				5574B7652D3DC91500DF60ED /* APIClient.swift in Sources */,
				55385E9B2D40857100CA96D6 /* MultiSelectDropdownView.swift in Sources */,
				55FBA2AE2D35EAE100F86201 /* LoginViewModel.swift in Sources */,
				55D3D3342DA7EA1100799594 /* BecomeServiceProviderView.swift in Sources */,
				55FBA2AF2D35EAE100F86201 /* OnboardingView.swift in Sources */,
				556C875E2D56A110005C824E /* ObjectOptionSelectionView.swift in Sources */,
				554C73852D9CC0F800145987 /* APIRequest.swift in Sources */,
				5574B7692D3DC92800DF60ED /* HTTPMethod.swift in Sources */,
				554871562D9F54A000AB1811 /* CalendarView.swift in Sources */,
				554C73822D9CC07500145987 /* RefreshTokenRequest.swift in Sources */,
				55D3D3462DA84D4F00799594 /* UserRequests.swift in Sources */,
				55CF6E2F2DA338BA0045E240 /* SettingsView.swift in Sources */,
				55FBA2B22D35EAE100F86201 /* ServxButtonView.swift in Sources */,
				55FBA2B32D35EAE100F86201 /* ContentView.swift in Sources */,
				55FBA2B42D35EAE100F86201 /* ServiceAuthView.swift in Sources */,
				55FBA2B62D35EAE100F86201 /* ForgotPasswordViewModel.swift in Sources */,
				55FBA2B82D35EAE100F86201 /* ServiceProfile.swift in Sources */,
				55FBA2B92D35EAE100F86201 /* OptionSelectionView.swift in Sources */,
				559D3CDF2DA18AC700E3862F /* AppState.swift in Sources */,
				5548714B2D9F4EFC00AB1811 /* UserSessionManager.swift in Sources */,
				55FBA2BB2D35EAE100F86201 /* LoginView.swift in Sources */,
				55D3D33B2DA7F4D500799594 /* ProfileEditView.swift in Sources */,
				55FBA2BC2D35EAE100F86201 /* ServxInputView.swift in Sources */,
				55CF6E282DA333080045E240 /* ProfileViewModel.swift in Sources */,
				5574B7572D3DC8B800DF60ED /* LoginRequest.swift in Sources */,
				559D3CE52DA18B7D00E3862F /* MainBottomNavBar.swift in Sources */,
				55D3D33F2DA7F51000799594 /* ProfileEditViewModel.swift in Sources */,
			);
			runOnlyForDeploymentPostprocessing = 0;
		};
		55FBA2212D35E8CB00F86201 /* Sources */ = {
			isa = PBXSourcesBuildPhase;
			buildActionMask = 2147483647;
			files = (
			);
			runOnlyForDeploymentPostprocessing = 0;
		};
		55FBA22B2D35E8CB00F86201 /* Sources */ = {
			isa = PBXSourcesBuildPhase;
			buildActionMask = 2147483647;
			files = (
			);
			runOnlyForDeploymentPostprocessing = 0;
		};
/* End PBXSourcesBuildPhase section */

/* Begin PBXTargetDependency section */
		55FBA2272D35E8CB00F86201 /* PBXTargetDependency */ = {
			isa = PBXTargetDependency;
			target = 55FBA2142D35E8C900F86201 /* Servx */;
			targetProxy = 55FBA2262D35E8CB00F86201 /* PBXContainerItemProxy */;
		};
		55FBA2312D35E8CB00F86201 /* PBXTargetDependency */ = {
			isa = PBXTargetDependency;
			target = 55FBA2142D35E8C900F86201 /* Servx */;
			targetProxy = 55FBA2302D35E8CB00F86201 /* PBXContainerItemProxy */;
		};
/* End PBXTargetDependency section */

/* Begin XCBuildConfiguration section */
		55FBA2372D35E8CB00F86201 /* Debug */ = {
			isa = XCBuildConfiguration;
			buildSettings = {
				ALWAYS_SEARCH_USER_PATHS = NO;
				ASSETCATALOG_COMPILER_GENERATE_SWIFT_ASSET_SYMBOL_EXTENSIONS = YES;
				CLANG_ANALYZER_NONNULL = YES;
				CLANG_ANALYZER_NUMBER_OBJECT_CONVERSION = YES_AGGRESSIVE;
				CLANG_CXX_LANGUAGE_STANDARD = "gnu++20";
				CLANG_ENABLE_MODULES = YES;
				CLANG_ENABLE_OBJC_ARC = YES;
				CLANG_ENABLE_OBJC_WEAK = YES;
				CLANG_WARN_BLOCK_CAPTURE_AUTORELEASING = YES;
				CLANG_WARN_BOOL_CONVERSION = YES;
				CLANG_WARN_COMMA = YES;
				CLANG_WARN_CONSTANT_CONVERSION = YES;
				CLANG_WARN_DEPRECATED_OBJC_IMPLEMENTATIONS = YES;
				CLANG_WARN_DIRECT_OBJC_ISA_USAGE = YES_ERROR;
				CLANG_WARN_DOCUMENTATION_COMMENTS = YES;
				CLANG_WARN_EMPTY_BODY = YES;
				CLANG_WARN_ENUM_CONVERSION = YES;
				CLANG_WARN_INFINITE_RECURSION = YES;
				CLANG_WARN_INT_CONVERSION = YES;
				CLANG_WARN_NON_LITERAL_NULL_CONVERSION = YES;
				CLANG_WARN_OBJC_IMPLICIT_RETAIN_SELF = YES;
				CLANG_WARN_OBJC_LITERAL_CONVERSION = YES;
				CLANG_WARN_OBJC_ROOT_CLASS = YES_ERROR;
				CLANG_WARN_QUOTED_INCLUDE_IN_FRAMEWORK_HEADER = YES;
				CLANG_WARN_RANGE_LOOP_ANALYSIS = YES;
				CLANG_WARN_STRICT_PROTOTYPES = YES;
				CLANG_WARN_SUSPICIOUS_MOVE = YES;
				CLANG_WARN_UNGUARDED_AVAILABILITY = YES_AGGRESSIVE;
				CLANG_WARN_UNREACHABLE_CODE = YES;
				CLANG_WARN__DUPLICATE_METHOD_MATCH = YES;
				COPY_PHASE_STRIP = NO;
				DEBUG_INFORMATION_FORMAT = dwarf;
				ENABLE_STRICT_OBJC_MSGSEND = YES;
				ENABLE_TESTABILITY = YES;
				ENABLE_USER_SCRIPT_SANDBOXING = YES;
				GCC_C_LANGUAGE_STANDARD = gnu17;
				GCC_DYNAMIC_NO_PIC = NO;
				GCC_NO_COMMON_BLOCKS = YES;
				GCC_OPTIMIZATION_LEVEL = 0;
				GCC_PREPROCESSOR_DEFINITIONS = (
					"DEBUG=1",
					"$(inherited)",
				);
				GCC_WARN_64_TO_32_BIT_CONVERSION = YES;
				GCC_WARN_ABOUT_RETURN_TYPE = YES_ERROR;
				GCC_WARN_UNDECLARED_SELECTOR = YES;
				GCC_WARN_UNINITIALIZED_AUTOS = YES_AGGRESSIVE;
				GCC_WARN_UNUSED_FUNCTION = YES;
				GCC_WARN_UNUSED_VARIABLE = YES;
				IPHONEOS_DEPLOYMENT_TARGET = 18.2;
				LOCALIZATION_PREFERS_STRING_CATALOGS = YES;
				MTL_ENABLE_DEBUG_INFO = INCLUDE_SOURCE;
				MTL_FAST_MATH = YES;
				ONLY_ACTIVE_ARCH = YES;
				SDKROOT = iphoneos;
				SWIFT_ACTIVE_COMPILATION_CONDITIONS = "DEBUG $(inherited)";
				SWIFT_OPTIMIZATION_LEVEL = "-Onone";
			};
			name = Debug;
		};
		55FBA2382D35E8CB00F86201 /* Release */ = {
			isa = XCBuildConfiguration;
			buildSettings = {
				ALWAYS_SEARCH_USER_PATHS = NO;
				ASSETCATALOG_COMPILER_GENERATE_SWIFT_ASSET_SYMBOL_EXTENSIONS = YES;
				CLANG_ANALYZER_NONNULL = YES;
				CLANG_ANALYZER_NUMBER_OBJECT_CONVERSION = YES_AGGRESSIVE;
				CLANG_CXX_LANGUAGE_STANDARD = "gnu++20";
				CLANG_ENABLE_MODULES = YES;
				CLANG_ENABLE_OBJC_ARC = YES;
				CLANG_ENABLE_OBJC_WEAK = YES;
				CLANG_WARN_BLOCK_CAPTURE_AUTORELEASING = YES;
				CLANG_WARN_BOOL_CONVERSION = YES;
				CLANG_WARN_COMMA = YES;
				CLANG_WARN_CONSTANT_CONVERSION = YES;
				CLANG_WARN_DEPRECATED_OBJC_IMPLEMENTATIONS = YES;
				CLANG_WARN_DIRECT_OBJC_ISA_USAGE = YES_ERROR;
				CLANG_WARN_DOCUMENTATION_COMMENTS = YES;
				CLANG_WARN_EMPTY_BODY = YES;
				CLANG_WARN_ENUM_CONVERSION = YES;
				CLANG_WARN_INFINITE_RECURSION = YES;
				CLANG_WARN_INT_CONVERSION = YES;
				CLANG_WARN_NON_LITERAL_NULL_CONVERSION = YES;
				CLANG_WARN_OBJC_IMPLICIT_RETAIN_SELF = YES;
				CLANG_WARN_OBJC_LITERAL_CONVERSION = YES;
				CLANG_WARN_OBJC_ROOT_CLASS = YES_ERROR;
				CLANG_WARN_QUOTED_INCLUDE_IN_FRAMEWORK_HEADER = YES;
				CLANG_WARN_RANGE_LOOP_ANALYSIS = YES;
				CLANG_WARN_STRICT_PROTOTYPES = YES;
				CLANG_WARN_SUSPICIOUS_MOVE = YES;
				CLANG_WARN_UNGUARDED_AVAILABILITY = YES_AGGRESSIVE;
				CLANG_WARN_UNREACHABLE_CODE = YES;
				CLANG_WARN__DUPLICATE_METHOD_MATCH = YES;
				COPY_PHASE_STRIP = NO;
				DEBUG_INFORMATION_FORMAT = "dwarf-with-dsym";
				ENABLE_NS_ASSERTIONS = NO;
				ENABLE_STRICT_OBJC_MSGSEND = YES;
				ENABLE_USER_SCRIPT_SANDBOXING = YES;
				GCC_C_LANGUAGE_STANDARD = gnu17;
				GCC_NO_COMMON_BLOCKS = YES;
				GCC_WARN_64_TO_32_BIT_CONVERSION = YES;
				GCC_WARN_ABOUT_RETURN_TYPE = YES_ERROR;
				GCC_WARN_UNDECLARED_SELECTOR = YES;
				GCC_WARN_UNINITIALIZED_AUTOS = YES_AGGRESSIVE;
				GCC_WARN_UNUSED_FUNCTION = YES;
				GCC_WARN_UNUSED_VARIABLE = YES;
				IPHONEOS_DEPLOYMENT_TARGET = 18.2;
				LOCALIZATION_PREFERS_STRING_CATALOGS = YES;
				MTL_ENABLE_DEBUG_INFO = NO;
				MTL_FAST_MATH = YES;
				SDKROOT = iphoneos;
				SWIFT_COMPILATION_MODE = wholemodule;
				VALIDATE_PRODUCT = YES;
			};
			name = Release;
		};
		55FBA23A2D35E8CB00F86201 /* Debug */ = {
			isa = XCBuildConfiguration;
			buildSettings = {
				ASSETCATALOG_COMPILER_APPICON_NAME = AppIcon;
				ASSETCATALOG_COMPILER_GLOBAL_ACCENT_COLOR_NAME = AccentColor;
				CODE_SIGN_STYLE = Automatic;
				CURRENT_PROJECT_VERSION = 1;
				DEVELOPMENT_ASSET_PATHS = "\"Servx/Preview Content\"";
				DEVELOPMENT_TEAM = 67526CSC7P;
				ENABLE_PREVIEWS = YES;
				GENERATE_INFOPLIST_FILE = YES;
				INFOPLIST_FILE = Servx/Info.plist;
				INFOPLIST_KEY_UIApplicationSceneManifest_Generation = YES;
				INFOPLIST_KEY_UIApplicationSupportsIndirectInputEvents = YES;
				INFOPLIST_KEY_UILaunchScreen_Generation = YES;
				INFOPLIST_KEY_UISupportedInterfaceOrientations_iPad = "UIInterfaceOrientationPortrait UIInterfaceOrientationPortraitUpsideDown UIInterfaceOrientationLandscapeLeft UIInterfaceOrientationLandscapeRight";
				INFOPLIST_KEY_UISupportedInterfaceOrientations_iPhone = "UIInterfaceOrientationPortrait UIInterfaceOrientationLandscapeLeft UIInterfaceOrientationLandscapeRight";
				LD_RUNPATH_SEARCH_PATHS = (
					"$(inherited)",
					"@executable_path/Frameworks",
				);
				MARKETING_VERSION = 1.0;
				PRODUCT_BUNDLE_IDENTIFIER = app.servx.Servx;
				PRODUCT_NAME = "$(TARGET_NAME)";
				SWIFT_EMIT_LOC_STRINGS = YES;
				SWIFT_VERSION = 5.0;
				TARGETED_DEVICE_FAMILY = "1,2";
			};
			name = Debug;
		};
		55FBA23B2D35E8CB00F86201 /* Release */ = {
			isa = XCBuildConfiguration;
			buildSettings = {
				ASSETCATALOG_COMPILER_APPICON_NAME = AppIcon;
				ASSETCATALOG_COMPILER_GLOBAL_ACCENT_COLOR_NAME = AccentColor;
				CODE_SIGN_STYLE = Automatic;
				CURRENT_PROJECT_VERSION = 1;
				DEVELOPMENT_ASSET_PATHS = "\"Servx/Preview Content\"";
				ENABLE_PREVIEWS = YES;
				GENERATE_INFOPLIST_FILE = YES;
				INFOPLIST_FILE = Servx/Info.plist;
				INFOPLIST_KEY_UIApplicationSceneManifest_Generation = YES;
				INFOPLIST_KEY_UIApplicationSupportsIndirectInputEvents = YES;
				INFOPLIST_KEY_UILaunchScreen_Generation = YES;
				INFOPLIST_KEY_UISupportedInterfaceOrientations_iPad = "UIInterfaceOrientationPortrait UIInterfaceOrientationPortraitUpsideDown UIInterfaceOrientationLandscapeLeft UIInterfaceOrientationLandscapeRight";
				INFOPLIST_KEY_UISupportedInterfaceOrientations_iPhone = "UIInterfaceOrientationPortrait UIInterfaceOrientationLandscapeLeft UIInterfaceOrientationLandscapeRight";
				LD_RUNPATH_SEARCH_PATHS = (
					"$(inherited)",
					"@executable_path/Frameworks",
				);
				MARKETING_VERSION = 1.0;
				PRODUCT_BUNDLE_IDENTIFIER = app.servx.Servx;
				PRODUCT_NAME = "$(TARGET_NAME)";
				SWIFT_EMIT_LOC_STRINGS = YES;
				SWIFT_VERSION = 5.0;
				TARGETED_DEVICE_FAMILY = "1,2";
			};
			name = Release;
		};
		55FBA23D2D35E8CB00F86201 /* Debug */ = {
			isa = XCBuildConfiguration;
			buildSettings = {
				BUNDLE_LOADER = "$(TEST_HOST)";
				CODE_SIGN_STYLE = Automatic;
				CURRENT_PROJECT_VERSION = 1;
				GENERATE_INFOPLIST_FILE = YES;
				IPHONEOS_DEPLOYMENT_TARGET = 18.2;
				MARKETING_VERSION = 1.0;
				PRODUCT_BUNDLE_IDENTIFIER = app.servx.ServxTests;
				PRODUCT_NAME = "$(TARGET_NAME)";
				SWIFT_EMIT_LOC_STRINGS = NO;
				SWIFT_VERSION = 5.0;
				TARGETED_DEVICE_FAMILY = "1,2";
				TEST_HOST = "$(BUILT_PRODUCTS_DIR)/Servx.app/$(BUNDLE_EXECUTABLE_FOLDER_PATH)/Servx";
			};
			name = Debug;
		};
		55FBA23E2D35E8CB00F86201 /* Release */ = {
			isa = XCBuildConfiguration;
			buildSettings = {
				BUNDLE_LOADER = "$(TEST_HOST)";
				CODE_SIGN_STYLE = Automatic;
				CURRENT_PROJECT_VERSION = 1;
				GENERATE_INFOPLIST_FILE = YES;
				IPHONEOS_DEPLOYMENT_TARGET = 18.2;
				MARKETING_VERSION = 1.0;
				PRODUCT_BUNDLE_IDENTIFIER = app.servx.ServxTests;
				PRODUCT_NAME = "$(TARGET_NAME)";
				SWIFT_EMIT_LOC_STRINGS = NO;
				SWIFT_VERSION = 5.0;
				TARGETED_DEVICE_FAMILY = "1,2";
				TEST_HOST = "$(BUILT_PRODUCTS_DIR)/Servx.app/$(BUNDLE_EXECUTABLE_FOLDER_PATH)/Servx";
			};
			name = Release;
		};
		55FBA2402D35E8CB00F86201 /* Debug */ = {
			isa = XCBuildConfiguration;
			buildSettings = {
				CODE_SIGN_STYLE = Automatic;
				CURRENT_PROJECT_VERSION = 1;
				GENERATE_INFOPLIST_FILE = YES;
				MARKETING_VERSION = 1.0;
				PRODUCT_BUNDLE_IDENTIFIER = app.servx.ServxUITests;
				PRODUCT_NAME = "$(TARGET_NAME)";
				SWIFT_EMIT_LOC_STRINGS = NO;
				SWIFT_VERSION = 5.0;
				TARGETED_DEVICE_FAMILY = "1,2";
				TEST_TARGET_NAME = Servx;
			};
			name = Debug;
		};
		55FBA2412D35E8CB00F86201 /* Release */ = {
			isa = XCBuildConfiguration;
			buildSettings = {
				CODE_SIGN_STYLE = Automatic;
				CURRENT_PROJECT_VERSION = 1;
				GENERATE_INFOPLIST_FILE = YES;
				MARKETING_VERSION = 1.0;
				PRODUCT_BUNDLE_IDENTIFIER = app.servx.ServxUITests;
				PRODUCT_NAME = "$(TARGET_NAME)";
				SWIFT_EMIT_LOC_STRINGS = NO;
				SWIFT_VERSION = 5.0;
				TARGETED_DEVICE_FAMILY = "1,2";
				TEST_TARGET_NAME = Servx;
			};
			name = Release;
		};
/* End XCBuildConfiguration section */

/* Begin XCConfigurationList section */
		55FBA2102D35E8C900F86201 /* Build configuration list for PBXProject "Servx" */ = {
			isa = XCConfigurationList;
			buildConfigurations = (
				55FBA2372D35E8CB00F86201 /* Debug */,
				55FBA2382D35E8CB00F86201 /* Release */,
			);
			defaultConfigurationIsVisible = 0;
			defaultConfigurationName = Release;
		};
		55FBA2392D35E8CB00F86201 /* Build configuration list for PBXNativeTarget "Servx" */ = {
			isa = XCConfigurationList;
			buildConfigurations = (
				55FBA23A2D35E8CB00F86201 /* Debug */,
				55FBA23B2D35E8CB00F86201 /* Release */,
			);
			defaultConfigurationIsVisible = 0;
			defaultConfigurationName = Release;
		};
		55FBA23C2D35E8CB00F86201 /* Build configuration list for PBXNativeTarget "ServxTests" */ = {
			isa = XCConfigurationList;
			buildConfigurations = (
				55FBA23D2D35E8CB00F86201 /* Debug */,
				55FBA23E2D35E8CB00F86201 /* Release */,
			);
			defaultConfigurationIsVisible = 0;
			defaultConfigurationName = Release;
		};
		55FBA23F2D35E8CB00F86201 /* Build configuration list for PBXNativeTarget "ServxUITests" */ = {
			isa = XCConfigurationList;
			buildConfigurations = (
				55FBA2402D35E8CB00F86201 /* Debug */,
				55FBA2412D35E8CB00F86201 /* Release */,
			);
			defaultConfigurationIsVisible = 0;
			defaultConfigurationName = Release;
		};
/* End XCConfigurationList section */
	};
	rootObject = 55FBA20D2D35E8C900F86201 /* Project object */;
}
