{
  "originHash" : "d27179ae5d2979a7f2562c6e8c15e2bb9a15122fec2a4904bff37ff17081509d",
  "pins" : [
    {
      "identity" : "reachability.swift",
      "kind" : "remoteSourceControl",
      "location" : "https://github.com/ashleymills/Reachability.swift",
      "state" : {
        "revision" : "21d1dc412cfecbe6e34f1f4c4eb88d3f912654a6",
        "version" : "5.2.4"
      }
    },
    {
      "identity" : "swiftstomp",
      "kind" : "remoteSourceControl",
      "location" : "https://github.com/Romixery/SwiftStomp",
      "state" : {
        "revision" : "f25926d2ab67ec0391de9a706cf71dfb08d36bbc",
        "version" : "1.2.1"
      }
    }
  ],
  "version" : 3
}
